
Microsoft Visual Studio Solution File, Format Version 12.00
# Visual Studio Version 17
VisualStudioVersion = 17.0.31903.59
MinimumVisualStudioVersion = 10.0.40219.1
Project("{2150E333-8FDC-42A3-9474-1A3956D46DE8}") = "src", "src", "{827E0CD3-B72D-47B6-A68D-7590B98EB39B}"
EndProject
Project("{2150E333-8FDC-42A3-9474-1A3956D46DE8}") = "Core", "Core", "{8D626EA8-CB54-BC41-363A-217881BEBA6E}"
EndProject
Project("{FAE04EC0-301F-11D3-BF4B-00C04F79EFBC}") = "BeanShare.Application", "src\Core\BeanShare.Application\BeanShare.Application.csproj", "{F398270E-3717-4983-AA3D-3E7A093071ED}"
EndProject
Project("{FAE04EC0-301F-11D3-BF4B-00C04F79EFBC}") = "BeanShare.Domain", "src\Core\BeanShare.Domain\BeanShare.Domain.csproj", "{05401651-1797-478A-A8DF-77F8BFA0EFDC}"
EndProject
Project("{2150E333-8FDC-42A3-9474-1A3956D46DE8}") = "Infrastructure", "Infrastructure", "{9048EB7F-3875-A59E-E36B-5BD4C6F2A282}"
EndProject
Project("{FAE04EC0-301F-11D3-BF4B-00C04F79EFBC}") = "BeanShare.Infrastructure.Communication", "src\Infrastructure\BeanShare.Infrastructure.Communication\BeanShare.Infrastructure.Communication.csproj", "{E11A0DC6-8B97-4FDF-98C3-30362258F88F}"
EndProject
Project("{FAE04EC0-301F-11D3-BF4B-00C04F79EFBC}") = "BeanShare.Infrastructure.Identity", "src\Infrastructure\BeanShare.Infrastructure.Identity\BeanShare.Infrastructure.Identity.csproj", "{0DC1BE28-8250-47E9-8E89-FE96E01D312D}"
EndProject
Project("{FAE04EC0-301F-11D3-BF4B-00C04F79EFBC}") = "BeanShare.Infrastructure.Persistence", "src\Infrastructure\BeanShare.Infrastructure.Persistence\BeanShare.Infrastructure.Persistence.csproj", "{3A71B13E-9E57-4F81-A5E2-2F5E03AA325B}"
EndProject
Project("{FAE04EC0-301F-11D3-BF4B-00C04F79EFBC}") = "BeanShare.Infrastructure", "src\Infrastructure\BeanShare.Infrastructure\BeanShare.Infrastructure.csproj", "{BAD71238-4A69-4062-BFEB-F814CCC05660}"
EndProject
Project("{2150E333-8FDC-42A3-9474-1A3956D46DE8}") = "Presentation", "Presentation", "{6996BBF7-DB31-59BC-C7DD-9A7CCC6138C4}"
EndProject
Project("{FAE04EC0-301F-11D3-BF4B-00C04F79EFBC}") = "BeanShare.Api", "src\Presentation\BeanShare.Api\BeanShare.Api.csproj", "{2DCE41CB-234B-4B80-8C4E-9C2C2563D749}"
EndProject
Project("{FAE04EC0-301F-11D3-BF4B-00C04F79EFBC}") = "BeanShare.BlazorWeb", "src\Presentation\BeanShare.BlazorWeb\BeanShare.BlazorWeb.csproj", "{CC03122D-5941-485A-9310-879C06B05A47}"
EndProject
Project("{FAE04EC0-301F-11D3-BF4B-00C04F79EFBC}") = "BeanShare.Contracts", "src\Presentation\BeanShare.Contracts\BeanShare.Contracts.csproj", "{29F3411B-3C67-4267-970E-5C889CD668D1}"
EndProject
Project("{FAE04EC0-301F-11D3-BF4B-00C04F79EFBC}") = "BeanShare.SharedUi", "src\Presentation\BeanShare.SharedUi\BeanShare.SharedUi.csproj", "{72A73FDB-7C5A-4B99-991D-ECDC7A237A37}"
EndProject
Project("{2150E333-8FDC-42A3-9474-1A3956D46DE8}") = "tests", "tests", "{0AB3BF05-4346-4AA6-1389-037BE0695223}"
EndProject
Project("{FAE04EC0-301F-11D3-BF4B-00C04F79EFBC}") = "BeanShare.Tests.Integration", "tests\BeanShare.Tests.Integration\BeanShare.Tests.Integration.csproj", "{B4706C90-4C2C-498B-BBF0-40D4A5BB6D46}"
EndProject
Project("{FAE04EC0-301F-11D3-BF4B-00C04F79EFBC}") = "BeanShare.Tests.Unit", "tests\BeanShare.Tests.Unit\BeanShare.Tests.Unit.csproj", "{EC548DEE-C732-4979-A1E8-B9E2A492C856}"
EndProject
Project("{FAE04EC0-301F-11D3-BF4B-00C04F79EFBC}") = "BeanShare.Maui", "src\Presentation\BeanShare.Maui\BeanShare.Maui.csproj", "{E3083172-9F27-4D0E-A2CE-FFD4BEB77609}"
EndProject
Project("{FAE04EC0-301F-11D3-BF4B-00C04F79EFBC}") = "BeanShare.Application.Tests", "tests\BeanShare.Application.Tests\BeanShare.Application.Tests.csproj", "{D87CF553-EBBD-410D-A925-3BC4F40797C5}"
EndProject
Project("{FAE04EC0-301F-11D3-BF4B-00C04F79EFBC}") = "BeanShare.Infrastructure.Tests", "tests\BeanShare.Infrastructure.Tests\BeanShare.Infrastructure.Tests.csproj", "{45898E11-E53A-4AB1-BD3E-C6EAB7AE006C}"
EndProject
Global
	GlobalSection(SolutionConfigurationPlatforms) = preSolution
		Debug|Any CPU = Debug|Any CPU
		Debug|x64 = Debug|x64
		Debug|x86 = Debug|x86
		Release|Any CPU = Release|Any CPU
		Release|x64 = Release|x64
		Release|x86 = Release|x86
	EndGlobalSection
	GlobalSection(ProjectConfigurationPlatforms) = postSolution
		{F398270E-3717-4983-AA3D-3E7A093071ED}.Debug|Any CPU.ActiveCfg = Debug|Any CPU
		{F398270E-3717-4983-AA3D-3E7A093071ED}.Debug|Any CPU.Build.0 = Debug|Any CPU
		{F398270E-3717-4983-AA3D-3E7A093071ED}.Debug|x64.ActiveCfg = Debug|Any CPU
		{F398270E-3717-4983-AA3D-3E7A093071ED}.Debug|x64.Build.0 = Debug|Any CPU
		{F398270E-3717-4983-AA3D-3E7A093071ED}.Debug|x86.ActiveCfg = Debug|Any CPU
		{F398270E-3717-4983-AA3D-3E7A093071ED}.Debug|x86.Build.0 = Debug|Any CPU
		{F398270E-3717-4983-AA3D-3E7A093071ED}.Release|Any CPU.ActiveCfg = Release|Any CPU
		{F398270E-3717-4983-AA3D-3E7A093071ED}.Release|Any CPU.Build.0 = Release|Any CPU
		{F398270E-3717-4983-AA3D-3E7A093071ED}.Release|x64.ActiveCfg = Release|Any CPU
		{F398270E-3717-4983-AA3D-3E7A093071ED}.Release|x64.Build.0 = Release|Any CPU
		{F398270E-3717-4983-AA3D-3E7A093071ED}.Release|x86.ActiveCfg = Release|Any CPU
		{F398270E-3717-4983-AA3D-3E7A093071ED}.Release|x86.Build.0 = Release|Any CPU
		{05401651-1797-478A-A8DF-77F8BFA0EFDC}.Debug|Any CPU.ActiveCfg = Debug|Any CPU
		{05401651-1797-478A-A8DF-77F8BFA0EFDC}.Debug|Any CPU.Build.0 = Debug|Any CPU
		{05401651-1797-478A-A8DF-77F8BFA0EFDC}.Debug|x64.ActiveCfg = Debug|Any CPU
		{05401651-1797-478A-A8DF-77F8BFA0EFDC}.Debug|x64.Build.0 = Debug|Any CPU
		{05401651-1797-478A-A8DF-77F8BFA0EFDC}.Debug|x86.ActiveCfg = Debug|Any CPU
		{05401651-1797-478A-A8DF-77F8BFA0EFDC}.Debug|x86.Build.0 = Debug|Any CPU
		{05401651-1797-478A-A8DF-77F8BFA0EFDC}.Release|Any CPU.ActiveCfg = Release|Any CPU
		{05401651-1797-478A-A8DF-77F8BFA0EFDC}.Release|Any CPU.Build.0 = Release|Any CPU
		{05401651-1797-478A-A8DF-77F8BFA0EFDC}.Release|x64.ActiveCfg = Release|Any CPU
		{05401651-1797-478A-A8DF-77F8BFA0EFDC}.Release|x64.Build.0 = Release|Any CPU
		{05401651-1797-478A-A8DF-77F8BFA0EFDC}.Release|x86.ActiveCfg = Release|Any CPU
		{05401651-1797-478A-A8DF-77F8BFA0EFDC}.Release|x86.Build.0 = Release|Any CPU
		{E11A0DC6-8B97-4FDF-98C3-30362258F88F}.Debug|Any CPU.ActiveCfg = Debug|Any CPU
		{E11A0DC6-8B97-4FDF-98C3-30362258F88F}.Debug|Any CPU.Build.0 = Debug|Any CPU
		{E11A0DC6-8B97-4FDF-98C3-30362258F88F}.Debug|x64.ActiveCfg = Debug|Any CPU
		{E11A0DC6-8B97-4FDF-98C3-30362258F88F}.Debug|x64.Build.0 = Debug|Any CPU
		{E11A0DC6-8B97-4FDF-98C3-30362258F88F}.Debug|x86.ActiveCfg = Debug|Any CPU
		{E11A0DC6-8B97-4FDF-98C3-30362258F88F}.Debug|x86.Build.0 = Debug|Any CPU
		{E11A0DC6-8B97-4FDF-98C3-30362258F88F}.Release|Any CPU.ActiveCfg = Release|Any CPU
		{E11A0DC6-8B97-4FDF-98C3-30362258F88F}.Release|Any CPU.Build.0 = Release|Any CPU
		{E11A0DC6-8B97-4FDF-98C3-30362258F88F}.Release|x64.ActiveCfg = Release|Any CPU
		{E11A0DC6-8B97-4FDF-98C3-30362258F88F}.Release|x64.Build.0 = Release|Any CPU
		{E11A0DC6-8B97-4FDF-98C3-30362258F88F}.Release|x86.ActiveCfg = Release|Any CPU
		{E11A0DC6-8B97-4FDF-98C3-30362258F88F}.Release|x86.Build.0 = Release|Any CPU
		{0DC1BE28-8250-47E9-8E89-FE96E01D312D}.Debug|Any CPU.ActiveCfg = Debug|Any CPU
		{0DC1BE28-8250-47E9-8E89-FE96E01D312D}.Debug|Any CPU.Build.0 = Debug|Any CPU
		{0DC1BE28-8250-47E9-8E89-FE96E01D312D}.Debug|x64.ActiveCfg = Debug|Any CPU
		{0DC1BE28-8250-47E9-8E89-FE96E01D312D}.Debug|x64.Build.0 = Debug|Any CPU
		{0DC1BE28-8250-47E9-8E89-FE96E01D312D}.Debug|x86.ActiveCfg = Debug|Any CPU
		{0DC1BE28-8250-47E9-8E89-FE96E01D312D}.Debug|x86.Build.0 = Debug|Any CPU
		{0DC1BE28-8250-47E9-8E89-FE96E01D312D}.Release|Any CPU.ActiveCfg = Release|Any CPU
		{0DC1BE28-8250-47E9-8E89-FE96E01D312D}.Release|Any CPU.Build.0 = Release|Any CPU
		{0DC1BE28-8250-47E9-8E89-FE96E01D312D}.Release|x64.ActiveCfg = Release|Any CPU
		{0DC1BE28-8250-47E9-8E89-FE96E01D312D}.Release|x64.Build.0 = Release|Any CPU
		{0DC1BE28-8250-47E9-8E89-FE96E01D312D}.Release|x86.ActiveCfg = Release|Any CPU
		{0DC1BE28-8250-47E9-8E89-FE96E01D312D}.Release|x86.Build.0 = Release|Any CPU
		{3A71B13E-9E57-4F81-A5E2-2F5E03AA325B}.Debug|Any CPU.ActiveCfg = Debug|Any CPU
		{3A71B13E-9E57-4F81-A5E2-2F5E03AA325B}.Debug|Any CPU.Build.0 = Debug|Any CPU
		{3A71B13E-9E57-4F81-A5E2-2F5E03AA325B}.Debug|x64.ActiveCfg = Debug|Any CPU
		{3A71B13E-9E57-4F81-A5E2-2F5E03AA325B}.Debug|x64.Build.0 = Debug|Any CPU
		{3A71B13E-9E57-4F81-A5E2-2F5E03AA325B}.Debug|x86.ActiveCfg = Debug|Any CPU
		{3A71B13E-9E57-4F81-A5E2-2F5E03AA325B}.Debug|x86.Build.0 = Debug|Any CPU
		{3A71B13E-9E57-4F81-A5E2-2F5E03AA325B}.Release|Any CPU.ActiveCfg = Release|Any CPU
		{3A71B13E-9E57-4F81-A5E2-2F5E03AA325B}.Release|Any CPU.Build.0 = Release|Any CPU
		{3A71B13E-9E57-4F81-A5E2-2F5E03AA325B}.Release|x64.ActiveCfg = Release|Any CPU
		{3A71B13E-9E57-4F81-A5E2-2F5E03AA325B}.Release|x64.Build.0 = Release|Any CPU
		{3A71B13E-9E57-4F81-A5E2-2F5E03AA325B}.Release|x86.ActiveCfg = Release|Any CPU
		{3A71B13E-9E57-4F81-A5E2-2F5E03AA325B}.Release|x86.Build.0 = Release|Any CPU
		{BAD71238-4A69-4062-BFEB-F814CCC05660}.Debug|Any CPU.ActiveCfg = Debug|Any CPU
		{BAD71238-4A69-4062-BFEB-F814CCC05660}.Debug|Any CPU.Build.0 = Debug|Any CPU
		{BAD71238-4A69-4062-BFEB-F814CCC05660}.Debug|x64.ActiveCfg = Debug|Any CPU
		{BAD71238-4A69-4062-BFEB-F814CCC05660}.Debug|x64.Build.0 = Debug|Any CPU
		{BAD71238-4A69-4062-BFEB-F814CCC05660}.Debug|x86.ActiveCfg = Debug|Any CPU
		{BAD71238-4A69-4062-BFEB-F814CCC05660}.Debug|x86.Build.0 = Debug|Any CPU
		{BAD71238-4A69-4062-BFEB-F814CCC05660}.Release|Any CPU.ActiveCfg = Release|Any CPU
		{BAD71238-4A69-4062-BFEB-F814CCC05660}.Release|Any CPU.Build.0 = Release|Any CPU
		{BAD71238-4A69-4062-BFEB-F814CCC05660}.Release|x64.ActiveCfg = Release|Any CPU
		{BAD71238-4A69-4062-BFEB-F814CCC05660}.Release|x64.Build.0 = Release|Any CPU
		{BAD71238-4A69-4062-BFEB-F814CCC05660}.Release|x86.ActiveCfg = Release|Any CPU
		{BAD71238-4A69-4062-BFEB-F814CCC05660}.Release|x86.Build.0 = Release|Any CPU
		{2DCE41CB-234B-4B80-8C4E-9C2C2563D749}.Debug|Any CPU.ActiveCfg = Debug|Any CPU
		{2DCE41CB-234B-4B80-8C4E-9C2C2563D749}.Debug|Any CPU.Build.0 = Debug|Any CPU
		{2DCE41CB-234B-4B80-8C4E-9C2C2563D749}.Debug|x64.ActiveCfg = Debug|Any CPU
		{2DCE41CB-234B-4B80-8C4E-9C2C2563D749}.Debug|x64.Build.0 = Debug|Any CPU
		{2DCE41CB-234B-4B80-8C4E-9C2C2563D749}.Debug|x86.ActiveCfg = Debug|Any CPU
		{2DCE41CB-234B-4B80-8C4E-9C2C2563D749}.Debug|x86.Build.0 = Debug|Any CPU
		{2DCE41CB-234B-4B80-8C4E-9C2C2563D749}.Release|Any CPU.ActiveCfg = Release|Any CPU
		{2DCE41CB-234B-4B80-8C4E-9C2C2563D749}.Release|Any CPU.Build.0 = Release|Any CPU
		{2DCE41CB-234B-4B80-8C4E-9C2C2563D749}.Release|x64.ActiveCfg = Release|Any CPU
		{2DCE41CB-234B-4B80-8C4E-9C2C2563D749}.Release|x64.Build.0 = Release|Any CPU
		{2DCE41CB-234B-4B80-8C4E-9C2C2563D749}.Release|x86.ActiveCfg = Release|Any CPU
		{2DCE41CB-234B-4B80-8C4E-9C2C2563D749}.Release|x86.Build.0 = Release|Any CPU
		{CC03122D-5941-485A-9310-879C06B05A47}.Debug|Any CPU.ActiveCfg = Debug|Any CPU
		{CC03122D-5941-485A-9310-879C06B05A47}.Debug|Any CPU.Build.0 = Debug|Any CPU
		{CC03122D-5941-485A-9310-879C06B05A47}.Debug|x64.ActiveCfg = Debug|Any CPU
		{CC03122D-5941-485A-9310-879C06B05A47}.Debug|x64.Build.0 = Debug|Any CPU
		{CC03122D-5941-485A-9310-879C06B05A47}.Debug|x86.ActiveCfg = Debug|Any CPU
		{CC03122D-5941-485A-9310-879C06B05A47}.Debug|x86.Build.0 = Debug|Any CPU
		{CC03122D-5941-485A-9310-879C06B05A47}.Release|Any CPU.ActiveCfg = Release|Any CPU
		{CC03122D-5941-485A-9310-879C06B05A47}.Release|Any CPU.Build.0 = Release|Any CPU
		{CC03122D-5941-485A-9310-879C06B05A47}.Release|x64.ActiveCfg = Release|Any CPU
		{CC03122D-5941-485A-9310-879C06B05A47}.Release|x64.Build.0 = Release|Any CPU
		{CC03122D-5941-485A-9310-879C06B05A47}.Release|x86.ActiveCfg = Release|Any CPU
		{CC03122D-5941-485A-9310-879C06B05A47}.Release|x86.Build.0 = Release|Any CPU
		{29F3411B-3C67-4267-970E-5C889CD668D1}.Debug|Any CPU.ActiveCfg = Debug|Any CPU
		{29F3411B-3C67-4267-970E-5C889CD668D1}.Debug|Any CPU.Build.0 = Debug|Any CPU
		{29F3411B-3C67-4267-970E-5C889CD668D1}.Debug|x64.ActiveCfg = Debug|Any CPU
		{29F3411B-3C67-4267-970E-5C889CD668D1}.Debug|x64.Build.0 = Debug|Any CPU
		{29F3411B-3C67-4267-970E-5C889CD668D1}.Debug|x86.ActiveCfg = Debug|Any CPU
		{29F3411B-3C67-4267-970E-5C889CD668D1}.Debug|x86.Build.0 = Debug|Any CPU
		{29F3411B-3C67-4267-970E-5C889CD668D1}.Release|Any CPU.ActiveCfg = Release|Any CPU
		{29F3411B-3C67-4267-970E-5C889CD668D1}.Release|Any CPU.Build.0 = Release|Any CPU
		{29F3411B-3C67-4267-970E-5C889CD668D1}.Release|x64.ActiveCfg = Release|Any CPU
		{29F3411B-3C67-4267-970E-5C889CD668D1}.Release|x64.Build.0 = Release|Any CPU
		{29F3411B-3C67-4267-970E-5C889CD668D1}.Release|x86.ActiveCfg = Release|Any CPU
		{29F3411B-3C67-4267-970E-5C889CD668D1}.Release|x86.Build.0 = Release|Any CPU
		{72A73FDB-7C5A-4B99-991D-ECDC7A237A37}.Debug|Any CPU.ActiveCfg = Debug|Any CPU
		{72A73FDB-7C5A-4B99-991D-ECDC7A237A37}.Debug|Any CPU.Build.0 = Debug|Any CPU
		{72A73FDB-7C5A-4B99-991D-ECDC7A237A37}.Debug|x64.ActiveCfg = Debug|Any CPU
		{72A73FDB-7C5A-4B99-991D-ECDC7A237A37}.Debug|x64.Build.0 = Debug|Any CPU
		{72A73FDB-7C5A-4B99-991D-ECDC7A237A37}.Debug|x86.ActiveCfg = Debug|Any CPU
		{72A73FDB-7C5A-4B99-991D-ECDC7A237A37}.Debug|x86.Build.0 = Debug|Any CPU
		{72A73FDB-7C5A-4B99-991D-ECDC7A237A37}.Release|Any CPU.ActiveCfg = Release|Any CPU
		{72A73FDB-7C5A-4B99-991D-ECDC7A237A37}.Release|Any CPU.Build.0 = Release|Any CPU
		{72A73FDB-7C5A-4B99-991D-ECDC7A237A37}.Release|x64.ActiveCfg = Release|Any CPU
		{72A73FDB-7C5A-4B99-991D-ECDC7A237A37}.Release|x64.Build.0 = Release|Any CPU
		{72A73FDB-7C5A-4B99-991D-ECDC7A237A37}.Release|x86.ActiveCfg = Release|Any CPU
		{72A73FDB-7C5A-4B99-991D-ECDC7A237A37}.Release|x86.Build.0 = Release|Any CPU
		{B4706C90-4C2C-498B-BBF0-40D4A5BB6D46}.Debug|Any CPU.ActiveCfg = Debug|Any CPU
		{B4706C90-4C2C-498B-BBF0-40D4A5BB6D46}.Debug|Any CPU.Build.0 = Debug|Any CPU
		{B4706C90-4C2C-498B-BBF0-40D4A5BB6D46}.Debug|x64.ActiveCfg = Debug|Any CPU
		{B4706C90-4C2C-498B-BBF0-40D4A5BB6D46}.Debug|x64.Build.0 = Debug|Any CPU
		{B4706C90-4C2C-498B-BBF0-40D4A5BB6D46}.Debug|x86.ActiveCfg = Debug|Any CPU
		{B4706C90-4C2C-498B-BBF0-40D4A5BB6D46}.Debug|x86.Build.0 = Debug|Any CPU
		{B4706C90-4C2C-498B-BBF0-40D4A5BB6D46}.Release|Any CPU.ActiveCfg = Release|Any CPU
		{B4706C90-4C2C-498B-BBF0-40D4A5BB6D46}.Release|Any CPU.Build.0 = Release|Any CPU
		{B4706C90-4C2C-498B-BBF0-40D4A5BB6D46}.Release|x64.ActiveCfg = Release|Any CPU
		{B4706C90-4C2C-498B-BBF0-40D4A5BB6D46}.Release|x64.Build.0 = Release|Any CPU
		{B4706C90-4C2C-498B-BBF0-40D4A5BB6D46}.Release|x86.ActiveCfg = Release|Any CPU
		{B4706C90-4C2C-498B-BBF0-40D4A5BB6D46}.Release|x86.Build.0 = Release|Any CPU
		{EC548DEE-C732-4979-A1E8-B9E2A492C856}.Debug|Any CPU.ActiveCfg = Debug|Any CPU
		{EC548DEE-C732-4979-A1E8-B9E2A492C856}.Debug|Any CPU.Build.0 = Debug|Any CPU
		{EC548DEE-C732-4979-A1E8-B9E2A492C856}.Debug|x64.ActiveCfg = Debug|Any CPU
		{EC548DEE-C732-4979-A1E8-B9E2A492C856}.Debug|x64.Build.0 = Debug|Any CPU
		{EC548DEE-C732-4979-A1E8-B9E2A492C856}.Debug|x86.ActiveCfg = Debug|Any CPU
		{EC548DEE-C732-4979-A1E8-B9E2A492C856}.Debug|x86.Build.0 = Debug|Any CPU
		{EC548DEE-C732-4979-A1E8-B9E2A492C856}.Release|Any CPU.ActiveCfg = Release|Any CPU
		{EC548DEE-C732-4979-A1E8-B9E2A492C856}.Release|Any CPU.Build.0 = Release|Any CPU
		{EC548DEE-C732-4979-A1E8-B9E2A492C856}.Release|x64.ActiveCfg = Release|Any CPU
		{EC548DEE-C732-4979-A1E8-B9E2A492C856}.Release|x64.Build.0 = Release|Any CPU
		{EC548DEE-C732-4979-A1E8-B9E2A492C856}.Release|x86.ActiveCfg = Release|Any CPU
		{EC548DEE-C732-4979-A1E8-B9E2A492C856}.Release|x86.Build.0 = Release|Any CPU
		{E3083172-9F27-4D0E-A2CE-FFD4BEB77609}.Debug|Any CPU.ActiveCfg = Debug|Any CPU
		{E3083172-9F27-4D0E-A2CE-FFD4BEB77609}.Debug|Any CPU.Build.0 = Debug|Any CPU
		{E3083172-9F27-4D0E-A2CE-FFD4BEB77609}.Debug|x64.ActiveCfg = Debug|Any CPU
		{E3083172-9F27-4D0E-A2CE-FFD4BEB77609}.Debug|x64.Build.0 = Debug|Any CPU
		{E3083172-9F27-4D0E-A2CE-FFD4BEB77609}.Debug|x86.ActiveCfg = Debug|Any CPU
		{E3083172-9F27-4D0E-A2CE-FFD4BEB77609}.Debug|x86.Build.0 = Debug|Any CPU
		{E3083172-9F27-4D0E-A2CE-FFD4BEB77609}.Release|Any CPU.ActiveCfg = Release|Any CPU
		{E3083172-9F27-4D0E-A2CE-FFD4BEB77609}.Release|Any CPU.Build.0 = Release|Any CPU
		{E3083172-9F27-4D0E-A2CE-FFD4BEB77609}.Release|x64.ActiveCfg = Release|Any CPU
		{E3083172-9F27-4D0E-A2CE-FFD4BEB77609}.Release|x64.Build.0 = Release|Any CPU
		{E3083172-9F27-4D0E-A2CE-FFD4BEB77609}.Release|x86.ActiveCfg = Release|Any CPU
		{E3083172-9F27-4D0E-A2CE-FFD4BEB77609}.Release|x86.Build.0 = Release|Any CPU
		{D87CF553-EBBD-410D-A925-3BC4F40797C5}.Debug|Any CPU.ActiveCfg = Debug|Any CPU
		{D87CF553-EBBD-410D-A925-3BC4F40797C5}.Debug|Any CPU.Build.0 = Debug|Any CPU
		{D87CF553-EBBD-410D-A925-3BC4F40797C5}.Debug|x64.ActiveCfg = Debug|Any CPU
		{D87CF553-EBBD-410D-A925-3BC4F40797C5}.Debug|x64.Build.0 = Debug|Any CPU
		{D87CF553-EBBD-410D-A925-3BC4F40797C5}.Debug|x86.ActiveCfg = Debug|Any CPU
		{D87CF553-EBBD-410D-A925-3BC4F40797C5}.Debug|x86.Build.0 = Debug|Any CPU
		{D87CF553-EBBD-410D-A925-3BC4F40797C5}.Release|Any CPU.ActiveCfg = Release|Any CPU
		{D87CF553-EBBD-410D-A925-3BC4F40797C5}.Release|Any CPU.Build.0 = Release|Any CPU
		{D87CF553-EBBD-410D-A925-3BC4F40797C5}.Release|x64.ActiveCfg = Release|Any CPU
		{D87CF553-EBBD-410D-A925-3BC4F40797C5}.Release|x64.Build.0 = Release|Any CPU
		{D87CF553-EBBD-410D-A925-3BC4F40797C5}.Release|x86.ActiveCfg = Release|Any CPU
		{D87CF553-EBBD-410D-A925-3BC4F40797C5}.Release|x86.Build.0 = Release|Any CPU
		{45898E11-E53A-4AB1-BD3E-C6EAB7AE006C}.Debug|Any CPU.ActiveCfg = Debug|Any CPU
		{45898E11-E53A-4AB1-BD3E-C6EAB7AE006C}.Debug|Any CPU.Build.0 = Debug|Any CPU
		{45898E11-E53A-4AB1-BD3E-C6EAB7AE006C}.Debug|x64.ActiveCfg = Debug|Any CPU
		{45898E11-E53A-4AB1-BD3E-C6EAB7AE006C}.Debug|x64.Build.0 = Debug|Any CPU
		{45898E11-E53A-4AB1-BD3E-C6EAB7AE006C}.Debug|x86.ActiveCfg = Debug|Any CPU
		{45898E11-E53A-4AB1-BD3E-C6EAB7AE006C}.Debug|x86.Build.0 = Debug|Any CPU
		{45898E11-E53A-4AB1-BD3E-C6EAB7AE006C}.Release|Any CPU.ActiveCfg = Release|Any CPU
		{45898E11-E53A-4AB1-BD3E-C6EAB7AE006C}.Release|Any CPU.Build.0 = Release|Any CPU
		{45898E11-E53A-4AB1-BD3E-C6EAB7AE006C}.Release|x64.ActiveCfg = Release|Any CPU
		{45898E11-E53A-4AB1-BD3E-C6EAB7AE006C}.Release|x64.Build.0 = Release|Any CPU
		{45898E11-E53A-4AB1-BD3E-C6EAB7AE006C}.Release|x86.ActiveCfg = Release|Any CPU
		{45898E11-E53A-4AB1-BD3E-C6EAB7AE006C}.Release|x86.Build.0 = Release|Any CPU
	EndGlobalSection
	GlobalSection(SolutionProperties) = preSolution
		HideSolutionNode = FALSE
	EndGlobalSection
	GlobalSection(NestedProjects) = preSolution
		{8D626EA8-CB54-BC41-363A-217881BEBA6E} = {827E0CD3-B72D-47B6-A68D-7590B98EB39B}
		{F398270E-3717-4983-AA3D-3E7A093071ED} = {8D626EA8-CB54-BC41-363A-217881BEBA6E}
		{05401651-1797-478A-A8DF-77F8BFA0EFDC} = {8D626EA8-CB54-BC41-363A-217881BEBA6E}
		{9048EB7F-3875-A59E-E36B-5BD4C6F2A282} = {827E0CD3-B72D-47B6-A68D-7590B98EB39B}
		{E11A0DC6-8B97-4FDF-98C3-30362258F88F} = {9048EB7F-3875-A59E-E36B-5BD4C6F2A282}
		{0DC1BE28-8250-47E9-8E89-FE96E01D312D} = {9048EB7F-3875-A59E-E36B-5BD4C6F2A282}
		{3A71B13E-9E57-4F81-A5E2-2F5E03AA325B} = {9048EB7F-3875-A59E-E36B-5BD4C6F2A282}
		{BAD71238-4A69-4062-BFEB-F814CCC05660} = {9048EB7F-3875-A59E-E36B-5BD4C6F2A282}
		{6996BBF7-DB31-59BC-C7DD-9A7CCC6138C4} = {827E0CD3-B72D-47B6-A68D-7590B98EB39B}
		{2DCE41CB-234B-4B80-8C4E-9C2C2563D749} = {6996BBF7-DB31-59BC-C7DD-9A7CCC6138C4}
		{CC03122D-5941-485A-9310-879C06B05A47} = {6996BBF7-DB31-59BC-C7DD-9A7CCC6138C4}
		{29F3411B-3C67-4267-970E-5C889CD668D1} = {6996BBF7-DB31-59BC-C7DD-9A7CCC6138C4}
		{72A73FDB-7C5A-4B99-991D-ECDC7A237A37} = {6996BBF7-DB31-59BC-C7DD-9A7CCC6138C4}
		{B4706C90-4C2C-498B-BBF0-40D4A5BB6D46} = {0AB3BF05-4346-4AA6-1389-037BE0695223}
		{EC548DEE-C732-4979-A1E8-B9E2A492C856} = {0AB3BF05-4346-4AA6-1389-037BE0695223}
		{E3083172-9F27-4D0E-A2CE-FFD4BEB77609} = {6996BBF7-DB31-59BC-C7DD-9A7CCC6138C4}
		{D87CF553-EBBD-410D-A925-3BC4F40797C5} = {0AB3BF05-4346-4AA6-1389-037BE0695223}
		{45898E11-E53A-4AB1-BD3E-C6EAB7AE006C} = {0AB3BF05-4346-4AA6-1389-037BE0695223}
	EndGlobalSection
EndGlobal
